<?xml version="1.0" encoding="utf-8"?>
<Project ToolsVersion="4.0" xmlns="http://schemas.microsoft.com/developer/msbuild/2003">
  <ItemGroup>
    <Filter Include="Resource Files">
      <UniqueIdentifier>{67DA6AB6-F800-4c08-8B7A-83BB121AAD01}</UniqueIdentifier>
      <Extensions>rc;ico;cur;bmp;dlg;rc2;rct;bin;rgs;gif;jpg;jpeg;jpe;resx;tiff;tif;png;wav;mfcribbon-ms</Extensions>
    </Filter>
  </ItemGroup>
  <ItemGroup>
    <ClCompile Include="MAC.cpp" />
    <ClCompile Include="Main.cpp" />
    <ClCompile Include="PcapActivity.cpp" />
    <ClCompile Include="PcapSubsystem.cpp" />
    <ClCompile Include="DissectSubsystem.cpp" />
    <ClCompile Include="Frame.cpp" />
    <ClCompile Include="Protocol.cpp" />
    <ClCompile Include="ProtocolARP.cpp" />
    <ClCompile Include="ProtocolEthernet.cpp" />
    <ClCompile Include="ProtocolIP.cpp" />
    <ClCompile Include="ProtocolNBDatagram.cpp" />
    <ClCompile Include="ProtocolUDP.cpp" />
  </ItemGroup>
  <ItemGroup>
    <ClInclude Include="MAC.h" />
    <ClInclude Include="Main.h" />
    <ClInclude Include="PcapActivity.h" />
    <ClInclude Include="PcapSubsystem.h" />
    <ClInclude Include="DissectSubsystem.h" />
    <ClInclude Include="Frame.h" />
    <ClInclude Include="Protocol.h" />
    <ClInclude Include="ProtocolARP.h" />
    <ClInclude Include="ProtocolEthernet.h" />
    <ClInclude Include="ProtocolIP.h" />
    <ClInclude Include="ProtocolNBDatagram.h" />
    <ClInclude Include="ProtocolUDP.h" />
  </ItemGroup>
  <ItemGroup>
    <None Include="Poco.props" />
    <None Include="pcap.props" />
  </ItemGroup>
</Project>